
Microsoft Visual Studio Solution File, Format Version 12.00
# Visual Studio 14
VisualStudioVersion = 14.0.25420.1
MinimumVisualStudioVersion = 10.0.40219.1
Project("{FAE04EC0-301F-11D3-BF4B-00C04F79EFBC}") = "CountingWords.Helpers", "CountingWords.Helpers\CountingWords.Helpers.csproj", "{B15263E6-2AFF-43A4-9974-1E4957BEFC7A}"
EndProject
Project("{FAE04EC0-301F-11D3-BF4B-00C04F79EFBC}") = "CountingWords.Domain", "CountingWords.Domain\CountingWords.Domain.csproj", "{EA43F893-2A67-43FA-88EB-0B6CC570DD0F}"
EndProject
Project("{FAE04EC0-301F-11D3-BF4B-00C04F79EFBC}") = "CountingWords.Shared", "CountingWords.Shared\CountingWords.Shared.csproj", "{5545E718-4BD4-4799-8F39-25462BD34893}"
EndProject
Project("{FAE04EC0-301F-11D3-BF4B-00C04F79EFBC}") = "CountingWords.Tests", "CountingWords.Tests\CountingWords.Tests.csproj", "{6FE93FC2-56B9-4A4A-A0FA-6C662E36E7E8}"
EndProject
Project("{FAE04EC0-301F-11D3-BF4B-00C04F79EFBC}") = "CountingWords.Api", "CountingWords.Api\CountingWords.Api.csproj", "{D945FABC-B3AC-4869-AC18-E22755A496B7}"
EndProject
Project("{2150E333-8FDC-42A3-9474-1A3956D46DE8}") = "Solution Items", "Solution Items", "{ACA9642F-BDA5-45AD-A63C-A3A0F756EF76}"
	ProjectSection(SolutionItems) = preProject
		.gitignore = .gitignore
	EndProjectSection
EndProject
Project("{FAE04EC0-301F-11D3-BF4B-00C04F79EFBC}") = "CountingWords.Log", "CountingWords.Logging\CountingWords.Log.csproj", "{C392B940-DE13-4CB8-937A-9675BF14EF22}"
EndProject
Global
	GlobalSection(SolutionConfigurationPlatforms) = preSolution
		Debug|Any CPU = Debug|Any CPU
		Release|Any CPU = Release|Any CPU
	EndGlobalSection
	GlobalSection(ProjectConfigurationPlatforms) = postSolution
		{B15263E6-2AFF-43A4-9974-1E4957BEFC7A}.Debug|Any CPU.ActiveCfg = Debug|Any CPU
		{B15263E6-2AFF-43A4-9974-1E4957BEFC7A}.Debug|Any CPU.Build.0 = Debug|Any CPU
		{B15263E6-2AFF-43A4-9974-1E4957BEFC7A}.Release|Any CPU.ActiveCfg = Release|Any CPU
		{B15263E6-2AFF-43A4-9974-1E4957BEFC7A}.Release|Any CPU.Build.0 = Release|Any CPU
		{EA43F893-2A67-43FA-88EB-0B6CC570DD0F}.Debug|Any CPU.ActiveCfg = Debug|Any CPU
		{EA43F893-2A67-43FA-88EB-0B6CC570DD0F}.Debug|Any CPU.Build.0 = Debug|Any CPU
		{EA43F893-2A67-43FA-88EB-0B6CC570DD0F}.Release|Any CPU.ActiveCfg = Release|Any CPU
		{EA43F893-2A67-43FA-88EB-0B6CC570DD0F}.Release|Any CPU.Build.0 = Release|Any CPU
		{5545E718-4BD4-4799-8F39-25462BD34893}.Debug|Any CPU.ActiveCfg = Debug|Any CPU
		{5545E718-4BD4-4799-8F39-25462BD34893}.Debug|Any CPU.Build.0 = Debug|Any CPU
		{5545E718-4BD4-4799-8F39-25462BD34893}.Release|Any CPU.ActiveCfg = Release|Any CPU
		{5545E718-4BD4-4799-8F39-25462BD34893}.Release|Any CPU.Build.0 = Release|Any CPU
		{6FE93FC2-56B9-4A4A-A0FA-6C662E36E7E8}.Debug|Any CPU.ActiveCfg = Debug|Any CPU
		{6FE93FC2-56B9-4A4A-A0FA-6C662E36E7E8}.Debug|Any CPU.Build.0 = Debug|Any CPU
		{6FE93FC2-56B9-4A4A-A0FA-6C662E36E7E8}.Release|Any CPU.ActiveCfg = Release|Any CPU
		{6FE93FC2-56B9-4A4A-A0FA-6C662E36E7E8}.Release|Any CPU.Build.0 = Release|Any CPU
		{D945FABC-B3AC-4869-AC18-E22755A496B7}.Debug|Any CPU.ActiveCfg = Debug|Any CPU
		{D945FABC-B3AC-4869-AC18-E22755A496B7}.Debug|Any CPU.Build.0 = Debug|Any CPU
		{D945FABC-B3AC-4869-AC18-E22755A496B7}.Release|Any CPU.ActiveCfg = Release|Any CPU
		{D945FABC-B3AC-4869-AC18-E22755A496B7}.Release|Any CPU.Build.0 = Release|Any CPU
		{C392B940-DE13-4CB8-937A-9675BF14EF22}.Debug|Any CPU.ActiveCfg = Debug|Any CPU
		{C392B940-DE13-4CB8-937A-9675BF14EF22}.Debug|Any CPU.Build.0 = Debug|Any CPU
		{C392B940-DE13-4CB8-937A-9675BF14EF22}.Release|Any CPU.ActiveCfg = Release|Any CPU
		{C392B940-DE13-4CB8-937A-9675BF14EF22}.Release|Any CPU.Build.0 = Release|Any CPU
	EndGlobalSection
	GlobalSection(SolutionProperties) = preSolution
		HideSolutionNode = FALSE
	EndGlobalSection
EndGlobal
